
Microsoft Visual Studio Solution File, Format Version 12.00
# Visual Studio 14
VisualStudioVersion = 14.0.22310.1
MinimumVisualStudioVersion = 10.0.40219.1
Project("{8BC9CEB8-8B4A-11D0-8D11-00A0C91BC942}") = "atomiconv", "atomiconv.vcxproj", "{7CFB99A0-47A8-4485-BEFF-3D0104D66509}"
EndProject
Global
	GlobalSection(SolutionConfigurationPlatforms) = preSolution
		debug|Android = debug|Android
		debug|Win32 = debug|Win32
		debug|x64 = debug|x64
		memdleak|Android = memdleak|Android
		memdleak|Win32 = memdleak|Win32
		memdleak|x64 = memdleak|x64
		static_debug|Android = static_debug|Android
		static_debug|Win32 = static_debug|Win32
		static_debug|x64 = static_debug|x64
	EndGlobalSection
	GlobalSection(ProjectConfigurationPlatforms) = postSolution
		{7CFB99A0-47A8-4485-BEFF-3D0104D66509}.debug|Android.ActiveCfg = debug|Android
		{7CFB99A0-47A8-4485-BEFF-3D0104D66509}.debug|Android.Build.0 = debug|Android
		{7CFB99A0-47A8-4485-BEFF-3D0104D66509}.debug|Win32.ActiveCfg = debug|Win32
		{7CFB99A0-47A8-4485-BEFF-3D0104D66509}.debug|Win32.Build.0 = debug|Win32
		{7CFB99A0-47A8-4485-BEFF-3D0104D66509}.debug|x64.ActiveCfg = debug|x64
		{7CFB99A0-47A8-4485-BEFF-3D0104D66509}.debug|x64.Build.0 = debug|x64
		{7CFB99A0-47A8-4485-BEFF-3D0104D66509}.memdleak|Android.ActiveCfg = memdleak|Android
		{7CFB99A0-47A8-4485-BEFF-3D0104D66509}.memdleak|Android.Build.0 = memdleak|Android
		{7CFB99A0-47A8-4485-BEFF-3D0104D66509}.memdleak|Win32.ActiveCfg = memdleak|Win32
		{7CFB99A0-47A8-4485-BEFF-3D0104D66509}.memdleak|Win32.Build.0 = memdleak|Win32
		{7CFB99A0-47A8-4485-BEFF-3D0104D66509}.memdleak|x64.ActiveCfg = memdleak|x64
		{7CFB99A0-47A8-4485-BEFF-3D0104D66509}.memdleak|x64.Build.0 = memdleak|x64
		{7CFB99A0-47A8-4485-BEFF-3D0104D66509}.static_debug|Android.ActiveCfg = static_debug|Android
		{7CFB99A0-47A8-4485-BEFF-3D0104D66509}.static_debug|Android.Build.0 = static_debug|Android
		{7CFB99A0-47A8-4485-BEFF-3D0104D66509}.static_debug|Win32.ActiveCfg = static_debug|Win32
		{7CFB99A0-47A8-4485-BEFF-3D0104D66509}.static_debug|Win32.Build.0 = static_debug|Win32
		{7CFB99A0-47A8-4485-BEFF-3D0104D66509}.static_debug|x64.ActiveCfg = static_debug|x64
		{7CFB99A0-47A8-4485-BEFF-3D0104D66509}.static_debug|x64.Build.0 = static_debug|x64
	EndGlobalSection
	GlobalSection(SolutionProperties) = preSolution
		HideSolutionNode = FALSE
	EndGlobalSection
EndGlobal
